
Microsoft Visual Studio Solution File, Format Version 12.00
# Visual Studio Version 16
VisualStudioVersion = 16.0.32413.511
MinimumVisualStudioVersion = 10.0.40219.1
Project("{FAE04EC0-301F-11D3-BF4B-00C04F79EFBC}") = "Pract7Ejer4", "Pract7Ejer4.csproj", "{52ACEB66-E4D8-467F-B328-51AFF79BE7E2}"
EndProject
Global
	GlobalSection(SolutionConfigurationPlatforms) = preSolution
		Debug|Any CPU = Debug|Any CPU
		Release|Any CPU = Release|Any CPU
	EndGlobalSection
	GlobalSection(ProjectConfigurationPlatforms) = postSolution
		{52ACEB66-E4D8-467F-B328-51AFF79BE7E2}.Debug|Any CPU.ActiveCfg = Debug|Any CPU
		{52ACEB66-E4D8-467F-B328-51AFF79BE7E2}.Debug|Any CPU.Build.0 = Debug|Any CPU
		{52ACEB66-E4D8-467F-B328-51AFF79BE7E2}.Release|Any CPU.ActiveCfg = Release|Any CPU
		{52ACEB66-E4D8-467F-B328-51AFF79BE7E2}.Release|Any CPU.Build.0 = Release|Any CPU
	EndGlobalSection
	GlobalSection(SolutionProperties) = preSolution
		HideSolutionNode = FALSE
	EndGlobalSection
	GlobalSection(ExtensibilityGlobals) = postSolution
		SolutionGuid = {66805387-F0F8-4C72-BA5D-530AAD8A3C70}
	EndGlobalSection
EndGlobal
