
Microsoft Visual Studio Solution File, Format Version 12.00
# Visual Studio Version 16
VisualStudioVersion = 16.0.32413.511
MinimumVisualStudioVersion = 10.0.40219.1
Project("{FAE04EC0-301F-11D3-BF4B-00C04F79EFBC}") = "Pract7Ejer3", "Pract7Ejer3.csproj", "{E00B642E-BDC7-48D6-89FA-E0DADF5C7C55}"
EndProject
Global
	GlobalSection(SolutionConfigurationPlatforms) = preSolution
		Debug|Any CPU = Debug|Any CPU
		Release|Any CPU = Release|Any CPU
	EndGlobalSection
	GlobalSection(ProjectConfigurationPlatforms) = postSolution
		{E00B642E-BDC7-48D6-89FA-E0DADF5C7C55}.Debug|Any CPU.ActiveCfg = Debug|Any CPU
		{E00B642E-BDC7-48D6-89FA-E0DADF5C7C55}.Debug|Any CPU.Build.0 = Debug|Any CPU
		{E00B642E-BDC7-48D6-89FA-E0DADF5C7C55}.Release|Any CPU.ActiveCfg = Release|Any CPU
		{E00B642E-BDC7-48D6-89FA-E0DADF5C7C55}.Release|Any CPU.Build.0 = Release|Any CPU
	EndGlobalSection
	GlobalSection(SolutionProperties) = preSolution
		HideSolutionNode = FALSE
	EndGlobalSection
	GlobalSection(ExtensibilityGlobals) = postSolution
		SolutionGuid = {0DA6D66C-AE9E-4649-8F2E-2CEE1FA2BB4F}
	EndGlobalSection
EndGlobal
